// !$*UTF8*$!
{
	archiveVersion = 1;
	classes = {
	};
	objectVersion = 46;
	objects = {

/* Begin PBXBuildFile section */
		7046F41B1BBF2B29009C370C /* AppDelegate.swift in Sources */ = {isa = PBXBuildFile; fileRef = 7046F41A1BBF2B29009C370C /* AppDelegate.swift */; };
		7046F41D1BBF2B29009C370C /* MasterViewController.swift in Sources */ = {isa = PBXBuildFile; fileRef = 7046F41C1BBF2B29009C370C /* MasterViewController.swift */; };
		7046F4221BBF2B29009C370C /* Main.storyboard in Resources */ = {isa = PBXBuildFile; fileRef = 7046F4201BBF2B29009C370C /* Main.storyboard */; };
		7046F4241BBF2B29009C370C /* Assets.xcassets in Resources */ = {isa = PBXBuildFile; fileRef = 7046F4231BBF2B29009C370C /* Assets.xcassets */; };
		7046F4271BBF2B29009C370C /* LaunchScreen.storyboard in Resources */ = {isa = PBXBuildFile; fileRef = 7046F4251BBF2B29009C370C /* LaunchScreen.storyboard */; };
		7046F4321BBF2B29009C370C /* Project5Tests.swift in Sources */ = {isa = PBXBuildFile; fileRef = 7046F4311BBF2B29009C370C /* Project5Tests.swift */; };
		7046F43D1BBF2E32009C370C /* start.txt in Resources */ = {isa = PBXBuildFile; fileRef = 7046F43C1BBF2E32009C370C /* start.txt */; settings = {ASSET_TAGS = (); }; };
/* End PBXBuildFile section */

/* Begin PBXContainerItemProxy section */
		7046F42E1BBF2B29009C370C /* PBXContainerItemProxy */ = {
			isa = PBXContainerItemProxy;
			containerPortal = 7046F40F1BBF2B29009C370C /* Project object */;
			proxyType = 1;
			remoteGlobalIDString = 7046F4161BBF2B29009C370C;
			remoteInfo = Project5;
		};
/* End PBXContainerItemProxy section */

/* Begin PBXFileReference section */
		7046F4171BBF2B29009C370C /* Project5.app */ = {isa = PBXFileReference; explicitFileType = wrapper.application; includeInIndex = 0; path = Project5.app; sourceTree = BUILT_PRODUCTS_DIR; };
		7046F41A1BBF2B29009C370C /* AppDelegate.swift */ = {isa = PBXFileReference; lastKnownFileType = sourcecode.swift; path = AppDelegate.swift; sourceTree = "<group>"; };
		7046F41C1BBF2B29009C370C /* MasterViewController.swift */ = {isa = PBXFileReference; lastKnownFileType = sourcecode.swift; path = MasterViewController.swift; sourceTree = "<group>"; };
		7046F4211BBF2B29009C370C /* Base */ = {isa = PBXFileReference; lastKnownFileType = file.storyboard; name = Base; path = Base.lproj/Main.storyboard; sourceTree = "<group>"; };
		7046F4231BBF2B29009C370C /* Assets.xcassets */ = {isa = PBXFileReference; lastKnownFileType = folder.assetcatalog; path = Assets.xcassets; sourceTree = "<group>"; };
		7046F4261BBF2B29009C370C /* Base */ = {isa = PBXFileReference; lastKnownFileType = file.storyboard; name = Base; path = Base.lproj/LaunchScreen.storyboard; sourceTree = "<group>"; };
		7046F4281BBF2B29009C370C /* Info.plist */ = {isa = PBXFileReference; lastKnownFileType = text.plist.xml; path = Info.plist; sourceTree = "<group>"; };
		7046F42D1BBF2B29009C370C /* Project5Tests.xctest */ = {isa = PBXFileReference; explicitFileType = wrapper.cfbundle; includeInIndex = 0; path = Project5Tests.xctest; sourceTree = BUILT_PRODUCTS_DIR; };
		7046F4311BBF2B29009C370C /* Project5Tests.swift */ = {isa = PBXFileReference; lastKnownFileType = sourcecode.swift; path = Project5Tests.swift; sourceTree = "<group>"; };
		7046F4331BBF2B29009C370C /* Info.plist */ = {isa = PBXFileReference; lastKnownFileType = text.plist.xml; path = Info.plist; sourceTree = "<group>"; };
		7046F43C1BBF2E32009C370C /* start.txt */ = {isa = PBXFileReference; fileEncoding = 4; lastKnownFileType = text; path = start.txt; sourceTree = "<group>"; };
/* End PBXFileReference section */

/* Begin PBXFrameworksBuildPhase section */
		7046F4141BBF2B29009C370C /* Frameworks */ = {
			isa = PBXFrameworksBuildPhase;
			buildActionMask = 2147483647;
			files = (
			);
			runOnlyForDeploymentPostprocessing = 0;
		};
		7046F42A1BBF2B29009C370C /* Frameworks */ = {
			isa = PBXFrameworksBuildPhase;
			buildActionMask = 2147483647;
			files = (
			);
			runOnlyForDeploymentPostprocessing = 0;
		};
/* End PBXFrameworksBuildPhase section */

/* Begin PBXGroup section */
		7046F40E1BBF2B29009C370C = {
			isa = PBXGroup;
			children = (
				7046F4191BBF2B29009C370C /* Project5 */,
				7046F4301BBF2B29009C370C /* Project5Tests */,
				7046F4181BBF2B29009C370C /* Products */,
			);
			sourceTree = "<group>";
		};
		7046F4181BBF2B29009C370C /* Products */ = {
			isa = PBXGroup;
			children = (
				7046F4171BBF2B29009C370C /* Project5.app */,
				7046F42D1BBF2B29009C370C /* Project5Tests.xctest */,
			);
			name = Products;
			sourceTree = "<group>";
		};
		7046F4191BBF2B29009C370C /* Project5 */ = {
			isa = PBXGroup;
			children = (
				7046F43C1BBF2E32009C370C /* start.txt */,
				7046F41A1BBF2B29009C370C /* AppDelegate.swift */,
				7046F41C1BBF2B29009C370C /* MasterViewController.swift */,
				7046F4201BBF2B29009C370C /* Main.storyboard */,
				7046F4231BBF2B29009C370C /* Assets.xcassets */,
				7046F4251BBF2B29009C370C /* LaunchScreen.storyboard */,
				7046F4281BBF2B29009C370C /* Info.plist */,
			);
			path = Project5;
			sourceTree = "<group>";
		};
		7046F4301BBF2B29009C370C /* Project5Tests */ = {
			isa = PBXGroup;
			children = (
				7046F4311BBF2B29009C370C /* Project5Tests.swift */,
				7046F4331BBF2B29009C370C /* Info.plist */,
			);
			path = Project5Tests;
			sourceTree = "<group>";
		};
/* End PBXGroup section */

/* Begin PBXNativeTarget section */
		7046F4161BBF2B29009C370C /* Project5 */ = {
			isa = PBXNativeTarget;
			buildConfigurationList = 7046F4361BBF2B29009C370C /* Build configuration list for PBXNativeTarget "Project5" */;
			buildPhases = (
				7046F4131BBF2B29009C370C /* Sources */,
				7046F4141BBF2B29009C370C /* Frameworks */,
				7046F4151BBF2B29009C370C /* Resources */,
			);
			buildRules = (
			);
			dependencies = (
			);
			name = Project5;
			productName = Project5;
			productReference = 7046F4171BBF2B29009C370C /* Project5.app */;
			productType = "com.apple.product-type.application";
		};
		7046F42C1BBF2B29009C370C /* Project5Tests */ = {
			isa = PBXNativeTarget;
			buildConfigurationList = 7046F4391BBF2B29009C370C /* Build configuration list for PBXNativeTarget "Project5Tests" */;
			buildPhases = (
				7046F4291BBF2B29009C370C /* Sources */,
				7046F42A1BBF2B29009C370C /* Frameworks */,
				7046F42B1BBF2B29009C370C /* Resources */,
			);
			buildRules = (
			);
			dependencies = (
				7046F42F1BBF2B29009C370C /* PBXTargetDependency */,
			);
			name = Project5Tests;
			productName = Project5Tests;
			productReference = 7046F42D1BBF2B29009C370C /* Project5Tests.xctest */;
			productType = "com.apple.product-type.bundle.unit-test";
		};
/* End PBXNativeTarget section */

/* Begin PBXProject section */
		7046F40F1BBF2B29009C370C /* Project object */ = {
			isa = PBXProject;
			attributes = {
				LastUpgradeCheck = 0700;
				ORGANIZATIONNAME = "Robert McBryde";
				TargetAttributes = {
					7046F4161BBF2B29009C370C = {
						CreatedOnToolsVersion = 7.0;
					};
					7046F42C1BBF2B29009C370C = {
						CreatedOnToolsVersion = 7.0;
						TestTargetID = 7046F4161BBF2B29009C370C;
					};
				};
			};
			buildConfigurationList = 7046F4121BBF2B29009C370C /* Build configuration list for PBXProject "Project5" */;
			compatibilityVersion = "Xcode 3.2";
			developmentRegion = English;
			hasScannedForEncodings = 0;
			knownRegions = (
				en,
				Base,
			);
			mainGroup = 7046F40E1BBF2B29009C370C;
			productRefGroup = 7046F4181BBF2B29009C370C /* Products */;
			projectDirPath = "";
			projectRoot = "";
			targets = (
				7046F4161BBF2B29009C370C /* Project5 */,
				7046F42C1BBF2B29009C370C /* Project5Tests */,
			);
		};
/* End PBXProject section */

/* Begin PBXResourcesBuildPhase section */
		7046F4151BBF2B29009C370C /* Resources */ = {
			isa = PBXResourcesBuildPhase;
			buildActionMask = 2147483647;
			files = (
				7046F4271BBF2B29009C370C /* LaunchScreen.storyboard in Resources */,
				7046F43D1BBF2E32009C370C /* start.txt in Resources */,
				7046F4241BBF2B29009C370C /* Assets.xcassets in Resources */,
				7046F4221BBF2B29009C370C /* Main.storyboard in Resources */,
			);
			runOnlyForDeploymentPostprocessing = 0;
		};
		7046F42B1BBF2B29009C370C /* Resources */ = {
			isa = PBXResourcesBuildPhase;
			buildActionMask = 2147483647;
			files = (
			);
			runOnlyForDeploymentPostprocessing = 0;
		};
/* End PBXResourcesBuildPhase section */

/* Begin PBXSourcesBuildPhase section */
		7046F4131BBF2B29009C370C /* Sources */ = {
			isa = PBXSourcesBuildPhase;
			buildActionMask = 2147483647;
			files = (
				7046F41D1BBF2B29009C370C /* MasterViewController.swift in Sources */,
				7046F41B1BBF2B29009C370C /* AppDelegate.swift in Sources */,
			);
			runOnlyForDeploymentPostprocessing = 0;
		};
		7046F4291BBF2B29009C370C /* Sources */ = {
			isa = PBXSourcesBuildPhase;
			buildActionMask = 2147483647;
			files = (
				7046F4321BBF2B29009C370C /* Project5Tests.swift in Sources */,
			);
			runOnlyForDeploymentPostprocessing = 0;
		};
/* End PBXSourcesBuildPhase section */

/* Begin PBXTargetDependency section */
		7046F42F1BBF2B29009C370C /* PBXTargetDependency */ = {
			isa = PBXTargetDependency;
			target = 7046F4161BBF2B29009C370C /* Project5 */;
			targetProxy = 7046F42E1BBF2B29009C370C /* PBXContainerItemProxy */;
		};
/* End PBXTargetDependency section */

/* Begin PBXVariantGroup section */
		7046F4201BBF2B29009C370C /* Main.storyboard */ = {
			isa = PBXVariantGroup;
			children = (
				7046F4211BBF2B29009C370C /* Base */,
			);
			name = Main.storyboard;
			sourceTree = "<group>";
		};
		7046F4251BBF2B29009C370C /* LaunchScreen.storyboard */ = {
			isa = PBXVariantGroup;
			children = (
				7046F4261BBF2B29009C370C /* Base */,
			);
			name = LaunchScreen.storyboard;
			sourceTree = "<group>";
		};
/* End PBXVariantGroup section */

/* Begin XCBuildConfiguration section */
		7046F4341BBF2B29009C370C /* Debug */ = {
			isa = XCBuildConfiguration;
			buildSettings = {
				ALWAYS_SEARCH_USER_PATHS = NO;
				CLANG_CXX_LANGUAGE_STANDARD = "gnu++0x";
				CLANG_CXX_LIBRARY = "libc++";
				CLANG_ENABLE_MODULES = YES;
				CLANG_ENABLE_OBJC_ARC = YES;
				CLANG_WARN_BOOL_CONVERSION = YES;
				CLANG_WARN_CONSTANT_CONVERSION = YES;
				CLANG_WARN_DIRECT_OBJC_ISA_USAGE = YES_ERROR;
				CLANG_WARN_EMPTY_BODY = YES;
				CLANG_WARN_ENUM_CONVERSION = YES;
				CLANG_WARN_INT_CONVERSION = YES;
				CLANG_WARN_OBJC_ROOT_CLASS = YES_ERROR;
				CLANG_WARN_UNREACHABLE_CODE = YES;
				CLANG_WARN__DUPLICATE_METHOD_MATCH = YES;
				"CODE_SIGN_IDENTITY[sdk=iphoneos*]" = "iPhone Developer";
				COPY_PHASE_STRIP = NO;
				DEBUG_INFORMATION_FORMAT = dwarf;
				ENABLE_STRICT_OBJC_MSGSEND = YES;
				ENABLE_TESTABILITY = YES;
				GCC_C_LANGUAGE_STANDARD = gnu99;
				GCC_DYNAMIC_NO_PIC = NO;
				GCC_NO_COMMON_BLOCKS = YES;
				GCC_OPTIMIZATION_LEVEL = 0;
				GCC_PREPROCESSOR_DEFINITIONS = (
					"DEBUG=1",
					"$(inherited)",
				);
				GCC_WARN_64_TO_32_BIT_CONVERSION = YES;
				GCC_WARN_ABOUT_RETURN_TYPE = YES_ERROR;
				GCC_WARN_UNDECLARED_SELECTOR = YES;
				GCC_WARN_UNINITIALIZED_AUTOS = YES_AGGRESSIVE;
				GCC_WARN_UNUSED_FUNCTION = YES;
				GCC_WARN_UNUSED_VARIABLE = YES;
				IPHONEOS_DEPLOYMENT_TARGET = 9.0;
				MTL_ENABLE_DEBUG_INFO = YES;
				ONLY_ACTIVE_ARCH = YES;
				SDKROOT = iphoneos;
				SWIFT_OPTIMIZATION_LEVEL = "-Onone";
			};
			name = Debug;
		};
		7046F4351BBF2B29009C370C /* Release */ = {
			isa = XCBuildConfiguration;
			buildSettings = {
				ALWAYS_SEARCH_USER_PATHS = NO;
				CLANG_CXX_LANGUAGE_STANDARD = "gnu++0x";
				CLANG_CXX_LIBRARY = "libc++";
				CLANG_ENABLE_MODULES = YES;
				CLANG_ENABLE_OBJC_ARC = YES;
				CLANG_WARN_BOOL_CONVERSION = YES;
				CLANG_WARN_CONSTANT_CONVERSION = YES;
				CLANG_WARN_DIRECT_OBJC_ISA_USAGE = YES_ERROR;
				CLANG_WARN_EMPTY_BODY = YES;
				CLANG_WARN_ENUM_CONVERSION = YES;
				CLANG_WARN_INT_CONVERSION = YES;
				CLANG_WARN_OBJC_ROOT_CLASS = YES_ERROR;
				CLANG_WARN_UNREACHABLE_CODE = YES;
				CLANG_WARN__DUPLICATE_METHOD_MATCH = YES;
				"CODE_SIGN_IDENTITY[sdk=iphoneos*]" = "iPhone Developer";
				COPY_PHASE_STRIP = NO;
				DEBUG_INFORMATION_FORMAT = "dwarf-with-dsym";
				ENABLE_NS_ASSERTIONS = NO;
				ENABLE_STRICT_OBJC_MSGSEND = YES;
				GCC_C_LANGUAGE_STANDARD = gnu99;
				GCC_NO_COMMON_BLOCKS = YES;
				GCC_WARN_64_TO_32_BIT_CONVERSION = YES;
				GCC_WARN_ABOUT_RETURN_TYPE = YES_ERROR;
				GCC_WARN_UNDECLARED_SELECTOR = YES;
				GCC_WARN_UNINITIALIZED_AUTOS = YES_AGGRESSIVE;
				GCC_WARN_UNUSED_FUNCTION = YES;
				GCC_WARN_UNUSED_VARIABLE = YES;
				IPHONEOS_DEPLOYMENT_TARGET = 9.0;
				MTL_ENABLE_DEBUG_INFO = NO;
				SDKROOT = iphoneos;
				VALIDATE_PRODUCT = YES;
			};
			name = Release;
		};
		7046F4371BBF2B29009C370C /* Debug */ = {
			isa = XCBuildConfiguration;
			buildSettings = {
				ASSETCATALOG_COMPILER_APPICON_NAME = AppIcon;
				INFOPLIST_FILE = Project5/Info.plist;
				LD_RUNPATH_SEARCH_PATHS = "$(inherited) @executable_path/Frameworks";
				PRODUCT_BUNDLE_IDENTIFIER = com.robertmcbryde.Project5;
				PRODUCT_NAME = "$(TARGET_NAME)";
			};
			name = Debug;
		};
		7046F4381BBF2B29009C370C /* Release */ = {
			isa = XCBuildConfiguration;
			buildSettings = {
				ASSETCATALOG_COMPILER_APPICON_NAME = AppIcon;
				INFOPLIST_FILE = Project5/Info.plist;
				LD_RUNPATH_SEARCH_PATHS = "$(inherited) @executable_path/Frameworks";
				PRODUCT_BUNDLE_IDENTIFIER = com.robertmcbryde.Project5;
				PRODUCT_NAME = "$(TARGET_NAME)";
			};
			name = Release;
		};
		7046F43A1BBF2B29009C370C /* Debug */ = {
			isa = XCBuildConfiguration;
			buildSettings = {
				BUNDLE_LOADER = "$(TEST_HOST)";
				INFOPLIST_FILE = Project5Tests/Info.plist;
				LD_RUNPATH_SEARCH_PATHS = "$(inherited) @executable_path/Frameworks @loader_path/Frameworks";
				PRODUCT_BUNDLE_IDENTIFIER = com.robertmcbryde.Project5Tests;
				PRODUCT_NAME = "$(TARGET_NAME)";
				TEST_HOST = "$(BUILT_PRODUCTS_DIR)/Project5.app/Project5";
			};
			name = Debug;
		};
		7046F43B1BBF2B29009C370C /* Release */ = {
			isa = XCBuildConfiguration;
			buildSettings = {
				BUNDLE_LOADER = "$(TEST_HOST)";
				INFOPLIST_FILE = Project5Tests/Info.plist;
				LD_RUNPATH_SEARCH_PATHS = "$(inherited) @executable_path/Frameworks @loader_path/Frameworks";
				PRODUCT_BUNDLE_IDENTIFIER = com.robertmcbryde.Project5Tests;
				PRODUCT_NAME = "$(TARGET_NAME)";
				TEST_HOST = "$(BUILT_PRODUCTS_DIR)/Project5.app/Project5";
			};
			name = Release;
		};
/* End XCBuildConfiguration section */

/* Begin XCConfigurationList section */
		7046F4121BBF2B29009C370C /* Build configuration list for PBXProject "Project5" */ = {
			isa = XCConfigurationList;
			buildConfigurations = (
				7046F4341BBF2B29009C370C /* Debug */,
				7046F4351BBF2B29009C370C /* Release */,
			);
			defaultConfigurationIsVisible = 0;
			defaultConfigurationName = Release;
		};
		7046F4361BBF2B29009C370C /* Build configuration list for PBXNativeTarget "Project5" */ = {
			isa = XCConfigurationList;
			buildConfigurations = (
				7046F4371BBF2B29009C370C /* Debug */,
				7046F4381BBF2B29009C370C /* Release */,
			);
			defaultConfigurationIsVisible = 0;
			defaultConfigurationName = Release;
		};
		7046F4391BBF2B29009C370C /* Build configuration list for PBXNativeTarget "Project5Tests" */ = {
			isa = XCConfigurationList;
			buildConfigurations = (
				7046F43A1BBF2B29009C370C /* Debug */,
				7046F43B1BBF2B29009C370C /* Release */,
			);
			defaultConfigurationIsVisible = 0;
			defaultConfigurationName = Release;
		};
/* End XCConfigurationList section */
	};
	rootObject = 7046F40F1BBF2B29009C370C /* Project object */;
}
